
Microsoft Visual Studio Solution File, Format Version 12.00
# Visual Studio Version 17
VisualStudioVersion = 17.14.36327.8
MinimumVisualStudioVersion = 10.0.40219.1
Project("{FAE04EC0-301F-11D3-BF4B-00C04F79EFBC}") = "EduAtendance.WebAPI", "EduAtendance.WebAPI\EduAtendance.WebAPI.csproj", "{176CA3C8-97B4-4C29-9CC0-139AA27BD812}"
EndProject
Project("{2150E333-8FDC-42A3-9474-1A3956D46DE8}") = "SolutionFolder", "SolutionFolder", "{02EA681E-C7D8-13C7-8484-4AC65E1B71E8}"
	ProjectSection(SolutionItems) = preProject
		index.html = index.html
		style.css = style.css
	EndProjectSection
EndProject
Global
	GlobalSection(SolutionConfigurationPlatforms) = preSolution
		Debug|Any CPU = Debug|Any CPU
		Release|Any CPU = Release|Any CPU
	EndGlobalSection
	GlobalSection(ProjectConfigurationPlatforms) = postSolution
		{176CA3C8-97B4-4C29-9CC0-139AA27BD812}.Debug|Any CPU.ActiveCfg = Debug|Any CPU
		{176CA3C8-97B4-4C29-9CC0-139AA27BD812}.Debug|Any CPU.Build.0 = Debug|Any CPU
		{176CA3C8-97B4-4C29-9CC0-139AA27BD812}.Release|Any CPU.ActiveCfg = Release|Any CPU
		{176CA3C8-97B4-4C29-9CC0-139AA27BD812}.Release|Any CPU.Build.0 = Release|Any CPU
	EndGlobalSection
	GlobalSection(SolutionProperties) = preSolution
		HideSolutionNode = FALSE
	EndGlobalSection
	GlobalSection(ExtensibilityGlobals) = postSolution
		SolutionGuid = {572B32B3-F94F-487C-8AAD-B389F1C3B956}
	EndGlobalSection
EndGlobal
